Microsoft Visual Studio Solution File, Format Version 8.00
Project("{8BC9CEB8-8B4A-11D0-8D11-00A0C91BC942}") = "InfoServer", "InfoServer.vcproj", "{372257DF-DBFD-49C8-A396-D0C4C7112F26}"
	ProjectSection(ProjectDependencies) = postProject
	EndProjectSection
EndProject
Global
	GlobalSection(SolutionConfiguration) = preSolution
		Debug = Debug
		Release = Release
	EndGlobalSection
	GlobalSection(ProjectConfiguration) = postSolution
		{372257DF-DBFD-49C8-A396-D0C4C7112F26}.Debug.ActiveCfg = Debug|Win32
		{372257DF-DBFD-49C8-A396-D0C4C7112F26}.Debug.Build.0 = Debug|Win32
		{372257DF-DBFD-49C8-A396-D0C4C7112F26}.Release.ActiveCfg = Release|Win32
		{372257DF-DBFD-49C8-A396-D0C4C7112F26}.Release.Build.0 = Release|Win32
	EndGlobalSection
	GlobalSection(ExtensibilityGlobals) = postSolution
	EndGlobalSection
	GlobalSection(ExtensibilityAddIns) = postSolution
	EndGlobalSection
EndGlobal
