Microsoft Visual Studio Solution File, Format Version 9.00
# Visual Studio 2005
Project("{8BC9CEB8-8B4A-11D0-8D11-00A0C91BC942}") = "InfoBill", "InfoBill\InfoBill.vcproj", "{EC783F3E-4634-432A-8D22-22FD4AAFEEC1}"
EndProject
Global
	GlobalSection(SolutionConfigurationPlatforms) = preSolution
		Debug|Win32 = Debug|Win32
		Release|Win32 = Release|Win32
	EndGlobalSection
	GlobalSection(ProjectConfigurationPlatforms) = postSolution
		{EC783F3E-4634-432A-8D22-22FD4AAFEEC1}.Debug|Win32.ActiveCfg = Debug|Win32
		{EC783F3E-4634-432A-8D22-22FD4AAFEEC1}.Debug|Win32.Build.0 = Debug|Win32
		{EC783F3E-4634-432A-8D22-22FD4AAFEEC1}.Release|Win32.ActiveCfg = Release|Win32
		{EC783F3E-4634-432A-8D22-22FD4AAFEEC1}.Release|Win32.Build.0 = Release|Win32
	EndGlobalSection
	GlobalSection(SolutionProperties) = preSolution
		HideSolutionNode = FALSE
	EndGlobalSection
EndGlobal
