
Microsoft Visual Studio Solution File, Format Version 10.00
# Visual C# Express 2008
Project("{FAE04EC0-301F-11D3-BF4B-00C04F79EFBC}") = "StringGet", "StringGet\StringGet.csproj", "{DD93828D-51C5-4AF4-BE93-3EFC234A1886}"
EndProject
Project("{FAE04EC0-301F-11D3-BF4B-00C04F79EFBC}") = "LanguageCommon", "ILanguage\LanguageCommon.csproj", "{E66A7B29-6975-4FF1-83E2-53282B6358E0}"
EndProject
Global
	GlobalSection(SolutionConfigurationPlatforms) = preSolution
		Debug|Any CPU = Debug|Any CPU
		Release|Any CPU = Release|Any CPU
	EndGlobalSection
	GlobalSection(ProjectConfigurationPlatforms) = postSolution
		{DD93828D-51C5-4AF4-BE93-3EFC234A1886}.Debug|Any CPU.ActiveCfg = Debug|Any CPU
		{DD93828D-51C5-4AF4-BE93-3EFC234A1886}.Debug|Any CPU.Build.0 = Debug|Any CPU
		{DD93828D-51C5-4AF4-BE93-3EFC234A1886}.Release|Any CPU.ActiveCfg = Release|Any CPU
		{DD93828D-51C5-4AF4-BE93-3EFC234A1886}.Release|Any CPU.Build.0 = Release|Any CPU
		{E66A7B29-6975-4FF1-83E2-53282B6358E0}.Debug|Any CPU.ActiveCfg = Debug|Any CPU
		{E66A7B29-6975-4FF1-83E2-53282B6358E0}.Debug|Any CPU.Build.0 = Debug|Any CPU
		{E66A7B29-6975-4FF1-83E2-53282B6358E0}.Release|Any CPU.ActiveCfg = Release|Any CPU
		{E66A7B29-6975-4FF1-83E2-53282B6358E0}.Release|Any CPU.Build.0 = Release|Any CPU
	EndGlobalSection
	GlobalSection(SolutionProperties) = preSolution
		HideSolutionNode = FALSE
	EndGlobalSection
EndGlobal
